{
  "name": "wed",
  "version": "0.24.2",
  "dependencies": {
    "amd-loader": {
      "version": "0.0.5",
      "from": "amd-loader@~0.0.4"
    },
    "argparse": {
      "version": "1.0.2",
      "from": "argparse@latest",
      "resolved": "https://registry.npmjs.org/argparse/-/argparse-1.0.2.tgz",
      "dependencies": {
        "lodash": {
          "version": "3.10.0",
          "from": "lodash@>=3.2.0 <4.0.0",
          "resolved": "https://registry.npmjs.org/lodash/-/lodash-3.10.0.tgz"
        },
        "sprintf-js": {
          "version": "1.0.3",
          "from": "sprintf-js@>=1.0.2 <1.1.0",
          "resolved": "https://registry.npmjs.org/sprintf-js/-/sprintf-js-1.0.3.tgz"
        }
      }
    },
    "salve": {
      "version": "0.23.0",
      "from": "https://registry.npmjs.org/salve/-/salve-0.23.0.tgz",
      "resolved": "https://registry.npmjs.org/salve/-/salve-0.23.0.tgz",
      "dependencies": {
        "argparse": {
          "version": "0.1.16",
          "from": "argparse@>=0.1.15 <0.2.0",
          "resolved": "https://registry.npmjs.org/argparse/-/argparse-0.1.16.tgz",
          "dependencies": {
            "underscore": {
              "version": "1.7.0",
              "from": "underscore@>=1.7.0 <1.8.0",
              "resolved": "https://registry.npmjs.org/underscore/-/underscore-1.7.0.tgz"
            },
            "underscore.string": {
              "version": "2.4.0",
              "from": "underscore.string@>=2.4.0 <2.5.0",
              "resolved": "https://registry.npmjs.org/underscore.string/-/underscore.string-2.4.0.tgz"
            }
          }
        },
        "temp": {
          "version": "0.8.3",
          "from": "temp@>=0.8.0 <0.9.0",
          "resolved": "https://registry.npmjs.org/temp/-/temp-0.8.3.tgz",
          "dependencies": {
            "os-tmpdir": {
              "version": "1.0.1",
              "from": "os-tmpdir@>=1.0.0 <2.0.0",
              "resolved": "https://registry.npmjs.org/os-tmpdir/-/os-tmpdir-1.0.1.tgz"
            },
            "rimraf": {
              "version": "2.2.8",
              "from": "rimraf@>=2.2.6 <2.3.0",
              "resolved": "https://registry.npmjs.org/rimraf/-/rimraf-2.2.8.tgz"
            }
          }
        },
        "sax": {
          "version": "0.6.1",
          "from": "sax@>=0.6.0 <0.7.0",
          "resolved": "https://registry.npmjs.org/sax/-/sax-0.6.1.tgz"
        },
        "lodash": {
          "version": "2.4.2",
          "from": "lodash@>=2.4.1 <3.0.0",
          "resolved": "https://registry.npmjs.org/lodash/-/lodash-2.4.2.tgz"
        },
        "xregexp": {
          "version": "2.0.0",
          "from": "xregexp@2.0.0",
          "resolved": "https://registry.npmjs.org/xregexp/-/xregexp-2.0.0.tgz"
        }
      }
    }
  }
}
