{
  "name": "wed",
  "version": "0.21.0",
  "dependencies": {
    "amd-loader": {
      "version": "0.0.5",
      "from": "amd-loader@~0.0.4"
    },
    "angular": {
      "version": "1.3.0",
      "from": "angular@",
      "resolved": "https://registry.npmjs.org/angular/-/angular-1.3.0.tgz"
    },
    "argparse": {
      "version": "0.1.15",
      "from": "argparse@",
      "dependencies": {
        "underscore": {
          "version": "1.4.4",
          "from": "underscore@~1.4.3"
        },
        "underscore.string": {
          "version": "2.3.3",
          "from": "underscore.string@~2.3.1"
        }
      }
    },
    "async": {
      "version": "0.9.0",
      "from": "async@"
    },
    "bootbox.js": {
      "version": "4.0.0",
      "from": "bootbox.js@",
      "resolved": "https://registry.npmjs.org/bootbox.js/-/bootbox.js-4.0.0.tgz"
    },
    "chai": {
      "version": "1.10.0",
      "from": "chai@",
      "resolved": "https://registry.npmjs.org/chai/-/chai-1.10.0.tgz",
      "dependencies": {
        "assertion-error": {
          "version": "1.0.0",
          "from": "assertion-error@1.0.0",
          "resolved": "https://registry.npmjs.org/assertion-error/-/assertion-error-1.0.0.tgz"
        },
        "deep-eql": {
          "version": "0.1.3",
          "from": "deep-eql@0.1.3",
          "resolved": "https://registry.npmjs.org/deep-eql/-/deep-eql-0.1.3.tgz",
          "dependencies": {
            "type-detect": {
              "version": "0.1.1",
              "from": "type-detect@0.1.1",
              "resolved": "https://registry.npmjs.org/type-detect/-/type-detect-0.1.1.tgz"
            }
          }
        }
      }
    },
    "compression": {
      "version": "1.2.0",
      "from": "compression@",
      "resolved": "https://registry.npmjs.org/compression/-/compression-1.2.0.tgz",
      "dependencies": {
        "accepts": {
          "version": "1.1.2",
          "from": "accepts@~1.1.2",
          "resolved": "https://registry.npmjs.org/accepts/-/accepts-1.1.2.tgz",
          "dependencies": {
            "mime-types": {
              "version": "2.0.2",
              "from": "mime-types@~2.0.2",
              "resolved": "https://registry.npmjs.org/mime-types/-/mime-types-2.0.2.tgz",
              "dependencies": {
                "mime-db": {
                  "version": "1.1.1",
                  "from": "mime-db@~1.1.0",
                  "resolved": "https://registry.npmjs.org/mime-db/-/mime-db-1.1.1.tgz"
                }
              }
            },
            "negotiator": {
              "version": "0.4.9",
              "from": "negotiator@0.4.9",
              "resolved": "https://registry.npmjs.org/negotiator/-/negotiator-0.4.9.tgz"
            }
          }
        },
        "bytes": {
          "version": "1.0.0",
          "from": "bytes@1.0.0",
          "resolved": "https://registry.npmjs.org/bytes/-/bytes-1.0.0.tgz"
        },
        "compressible": {
          "version": "2.0.1",
          "from": "compressible@~2.0.1",
          "resolved": "https://registry.npmjs.org/compressible/-/compressible-2.0.1.tgz",
          "dependencies": {
            "mime-db": {
              "version": "1.1.1",
              "from": "mime-db@1.x",
              "resolved": "https://registry.npmjs.org/mime-db/-/mime-db-1.1.1.tgz"
            }
          }
        },
        "debug": {
          "version": "2.1.0",
          "from": "debug@~2.1.0",
          "resolved": "https://registry.npmjs.org/debug/-/debug-2.1.0.tgz",
          "dependencies": {
            "ms": {
              "version": "0.6.2",
              "from": "ms@0.6.2",
              "resolved": "https://registry.npmjs.org/ms/-/ms-0.6.2.tgz"
            }
          }
        },
        "on-headers": {
          "version": "1.0.0",
          "from": "on-headers@~1.0.0",
          "resolved": "https://registry.npmjs.org/on-headers/-/on-headers-1.0.0.tgz"
        },
        "vary": {
          "version": "1.0.0",
          "from": "vary@~1.0.0",
          "resolved": "https://registry.npmjs.org/vary/-/vary-1.0.0.tgz"
        }
      }
    },
    "express": {
      "version": "4.10.2",
      "from": "express@",
      "resolved": "https://registry.npmjs.org/express/-/express-4.10.2.tgz",
      "dependencies": {
        "accepts": {
          "version": "1.1.3",
          "from": "accepts@~1.1.3",
          "resolved": "https://registry.npmjs.org/accepts/-/accepts-1.1.3.tgz",
          "dependencies": {
            "mime-types": {
              "version": "2.0.3",
              "from": "mime-types@~2.0.3",
              "resolved": "https://registry.npmjs.org/mime-types/-/mime-types-2.0.3.tgz",
              "dependencies": {
                "mime-db": {
                  "version": "1.2.0",
                  "from": "mime-db@~1.2.0",
                  "resolved": "https://registry.npmjs.org/mime-db/-/mime-db-1.2.0.tgz"
                }
              }
            },
            "negotiator": {
              "version": "0.4.9",
              "from": "negotiator@0.4.9",
              "resolved": "https://registry.npmjs.org/negotiator/-/negotiator-0.4.9.tgz"
            }
          }
        },
        "content-disposition": {
          "version": "0.5.0",
          "from": "content-disposition@0.5.0",
          "resolved": "https://registry.npmjs.org/content-disposition/-/content-disposition-0.5.0.tgz"
        },
        "cookie-signature": {
          "version": "1.0.5",
          "from": "cookie-signature@1.0.5",
          "resolved": "https://registry.npmjs.org/cookie-signature/-/cookie-signature-1.0.5.tgz"
        },
        "debug": {
          "version": "2.1.0",
          "from": "debug@~2.1.0",
          "resolved": "https://registry.npmjs.org/debug/-/debug-2.1.0.tgz",
          "dependencies": {
            "ms": {
              "version": "0.6.2",
              "from": "ms@0.6.2",
              "resolved": "https://registry.npmjs.org/ms/-/ms-0.6.2.tgz"
            }
          }
        },
        "depd": {
          "version": "1.0.0",
          "from": "depd@~1.0.0",
          "resolved": "https://registry.npmjs.org/depd/-/depd-1.0.0.tgz"
        },
        "escape-html": {
          "version": "1.0.1",
          "from": "escape-html@1.0.1",
          "resolved": "https://registry.npmjs.org/escape-html/-/escape-html-1.0.1.tgz"
        },
        "etag": {
          "version": "1.5.0",
          "from": "etag@~1.5.0",
          "resolved": "https://registry.npmjs.org/etag/-/etag-1.5.0.tgz",
          "dependencies": {
            "crc": {
              "version": "3.0.0",
              "from": "crc@3.0.0",
              "resolved": "https://registry.npmjs.org/crc/-/crc-3.0.0.tgz"
            }
          }
        },
        "finalhandler": {
          "version": "0.3.2",
          "from": "finalhandler@0.3.2",
          "resolved": "https://registry.npmjs.org/finalhandler/-/finalhandler-0.3.2.tgz"
        },
        "fresh": {
          "version": "0.2.4",
          "from": "fresh@0.2.4",
          "resolved": "https://registry.npmjs.org/fresh/-/fresh-0.2.4.tgz"
        },
        "media-typer": {
          "version": "0.3.0",
          "from": "media-typer@0.3.0",
          "resolved": "https://registry.npmjs.org/media-typer/-/media-typer-0.3.0.tgz"
        },
        "methods": {
          "version": "1.1.0",
          "from": "methods@1.1.0",
          "resolved": "https://registry.npmjs.org/methods/-/methods-1.1.0.tgz"
        },
        "on-finished": {
          "version": "2.1.1",
          "from": "on-finished@~2.1.1",
          "resolved": "https://registry.npmjs.org/on-finished/-/on-finished-2.1.1.tgz",
          "dependencies": {
            "ee-first": {
              "version": "1.1.0",
              "from": "ee-first@1.1.0",
              "resolved": "https://registry.npmjs.org/ee-first/-/ee-first-1.1.0.tgz"
            }
          }
        },
        "parseurl": {
          "version": "1.3.0",
          "from": "parseurl@~1.3.0",
          "resolved": "https://registry.npmjs.org/parseurl/-/parseurl-1.3.0.tgz"
        },
        "path-to-regexp": {
          "version": "0.1.3",
          "from": "path-to-regexp@0.1.3",
          "resolved": "https://registry.npmjs.org/path-to-regexp/-/path-to-regexp-0.1.3.tgz"
        },
        "proxy-addr": {
          "version": "1.0.3",
          "from": "proxy-addr@~1.0.3",
          "resolved": "https://registry.npmjs.org/proxy-addr/-/proxy-addr-1.0.3.tgz",
          "dependencies": {
            "forwarded": {
              "version": "0.1.0",
              "from": "forwarded@~0.1.0",
              "resolved": "https://registry.npmjs.org/forwarded/-/forwarded-0.1.0.tgz"
            },
            "ipaddr.js": {
              "version": "0.1.3",
              "from": "ipaddr.js@0.1.3",
              "resolved": "https://registry.npmjs.org/ipaddr.js/-/ipaddr.js-0.1.3.tgz"
            }
          }
        },
        "qs": {
          "version": "2.3.2",
          "from": "qs@2.3.2",
          "resolved": "https://registry.npmjs.org/qs/-/qs-2.3.2.tgz"
        },
        "range-parser": {
          "version": "1.0.2",
          "from": "range-parser@~1.0.2",
          "resolved": "https://registry.npmjs.org/range-parser/-/range-parser-1.0.2.tgz"
        },
        "send": {
          "version": "0.10.1",
          "from": "send@0.10.1",
          "resolved": "https://registry.npmjs.org/send/-/send-0.10.1.tgz",
          "dependencies": {
            "destroy": {
              "version": "1.0.3",
              "from": "destroy@1.0.3",
              "resolved": "https://registry.npmjs.org/destroy/-/destroy-1.0.3.tgz"
            },
            "mime": {
              "version": "1.2.11",
              "from": "mime@1.2.11",
              "resolved": "https://registry.npmjs.org/mime/-/mime-1.2.11.tgz"
            },
            "ms": {
              "version": "0.6.2",
              "from": "ms@0.6.2",
              "resolved": "https://registry.npmjs.org/ms/-/ms-0.6.2.tgz"
            }
          }
        },
        "type-is": {
          "version": "1.5.3",
          "from": "type-is@~1.5.3",
          "resolved": "https://registry.npmjs.org/type-is/-/type-is-1.5.3.tgz",
          "dependencies": {
            "mime-types": {
              "version": "2.0.3",
              "from": "mime-types@~2.0.3",
              "resolved": "https://registry.npmjs.org/mime-types/-/mime-types-2.0.3.tgz",
              "dependencies": {
                "mime-db": {
                  "version": "1.2.0",
                  "from": "mime-db@~1.2.0",
                  "resolved": "https://registry.npmjs.org/mime-db/-/mime-db-1.2.0.tgz"
                }
              }
            }
          }
        },
        "vary": {
          "version": "1.0.0",
          "from": "vary@~1.0.0",
          "resolved": "https://registry.npmjs.org/vary/-/vary-1.0.0.tgz"
        },
        "cookie": {
          "version": "0.1.2",
          "from": "cookie@0.1.2",
          "resolved": "https://registry.npmjs.org/cookie/-/cookie-0.1.2.tgz"
        },
        "merge-descriptors": {
          "version": "0.0.2",
          "from": "merge-descriptors@0.0.2",
          "resolved": "https://registry.npmjs.org/merge-descriptors/-/merge-descriptors-0.0.2.tgz"
        },
        "utils-merge": {
          "version": "1.0.0",
          "from": "utils-merge@1.0.0",
          "resolved": "https://registry.npmjs.org/utils-merge/-/utils-merge-1.0.0.tgz"
        }
      }
    },
    "jsdoc": {
      "version": "3.2.2",
      "from": "jsdoc@3.2.2",
      "dependencies": {
        "async": {
          "version": "0.1.22",
          "from": "async@0.1.22"
        },
        "catharsis": {
          "version": "0.7.0",
          "from": "catharsis@0.7.0",
          "resolved": "https://registry.npmjs.org/catharsis/-/catharsis-0.7.0.tgz"
        },
        "crypto-browserify": {
          "version": "0.1.1",
          "from": "crypto-browserify@git+https://github.com/dominictarr/crypto-browserify.git#95c5d505",
          "resolved": "git+https://github.com/dominictarr/crypto-browserify.git#95c5d50581ce0b4fff6e76e45dc0bb3622be4e9a"
        },
        "js2xmlparser": {
          "version": "0.1.0",
          "from": "js2xmlparser@0.1.0",
          "resolved": "https://registry.npmjs.org/js2xmlparser/-/js2xmlparser-0.1.0.tgz"
        },
        "jshint": {
          "version": "0.9.1",
          "from": "jshint@0.9.1",
          "resolved": "https://registry.npmjs.org/jshint/-/jshint-0.9.1.tgz",
          "dependencies": {
            "cli": {
              "version": "0.4.3",
              "from": "cli@0.4.3",
              "resolved": "https://registry.npmjs.org/cli/-/cli-0.4.3.tgz",
              "dependencies": {
                "glob": {
                  "version": "4.0.6",
                  "from": "glob@>= 3.1.4",
                  "resolved": "https://registry.npmjs.org/glob/-/glob-4.0.6.tgz",
                  "dependencies": {
                    "graceful-fs": {
                      "version": "3.0.4",
                      "from": "graceful-fs@^3.0.2",
                      "resolved": "https://registry.npmjs.org/graceful-fs/-/graceful-fs-3.0.4.tgz"
                    },
                    "inherits": {
                      "version": "2.0.1",
                      "from": "inherits@2",
                      "resolved": "https://registry.npmjs.org/inherits/-/inherits-2.0.1.tgz"
                    },
                    "minimatch": {
                      "version": "1.0.0",
                      "from": "minimatch@^1.0.0",
                      "resolved": "https://registry.npmjs.org/minimatch/-/minimatch-1.0.0.tgz",
                      "dependencies": {
                        "lru-cache": {
                          "version": "2.5.0",
                          "from": "lru-cache@2"
                        },
                        "sigmund": {
                          "version": "1.0.0",
                          "from": "sigmund@~1.0.0"
                        }
                      }
                    },
                    "once": {
                      "version": "1.3.1",
                      "from": "once@^1.3.0",
                      "resolved": "https://registry.npmjs.org/once/-/once-1.3.1.tgz",
                      "dependencies": {
                        "wrappy": {
                          "version": "1.0.1",
                          "from": "wrappy@1",
                          "resolved": "https://registry.npmjs.org/wrappy/-/wrappy-1.0.1.tgz"
                        }
                      }
                    }
                  }
                }
              }
            },
            "minimatch": {
              "version": "0.0.5",
              "from": "minimatch@0.0.x",
              "dependencies": {
                "lru-cache": {
                  "version": "1.0.6",
                  "from": "lru-cache@~1.0.2"
                }
              }
            }
          }
        },
        "marked": {
          "version": "0.2.8",
          "from": "marked@0.2.8",
          "resolved": "https://registry.npmjs.org/marked/-/marked-0.2.8.tgz"
        },
        "taffydb": {
          "version": "2.6.2",
          "from": "taffydb@git+https://github.com/hegemonic/taffydb.git",
          "resolved": "git+https://github.com/hegemonic/taffydb.git#7d100bcee0e997ee4977e273cdce60bd8933050e"
        },
        "underscore": {
          "version": "1.4.2",
          "from": "underscore@1.4.2"
        },
        "wrench": {
          "version": "1.3.9",
          "from": "wrench@1.3.9",
          "resolved": "https://registry.npmjs.org/wrench/-/wrench-1.3.9.tgz"
        }
      }
    },
    "jsdom": {
      "version": "0.11.1",
      "from": "https://registry.npmjs.org/jsdom/-/jsdom-0.11.1.tgz",
      "resolved": "https://registry.npmjs.org/jsdom/-/jsdom-0.11.1.tgz",
      "dependencies": {
        "htmlparser2": {
          "version": "3.8.2",
          "from": "htmlparser2@>=3.1.5 <4.0.0",
          "resolved": "https://registry.npmjs.org/htmlparser2/-/htmlparser2-3.8.2.tgz",
          "dependencies": {
            "domhandler": {
              "version": "2.3.0",
              "from": "domhandler@>=2.3.0 <2.4.0",
              "resolved": "https://registry.npmjs.org/domhandler/-/domhandler-2.3.0.tgz"
            },
            "domutils": {
              "version": "1.5.1",
              "from": "domutils@>=1.5.0 <1.6.0",
              "resolved": "https://registry.npmjs.org/domutils/-/domutils-1.5.1.tgz",
              "dependencies": {
                "dom-serializer": {
                  "version": "0.0.1",
                  "from": "dom-serializer@>=0.0.0 <1.0.0",
                  "resolved": "https://registry.npmjs.org/dom-serializer/-/dom-serializer-0.0.1.tgz",
                  "dependencies": {
                    "entities": {
                      "version": "1.1.1",
                      "from": "entities@>=1.1.1 <1.2.0",
                      "resolved": "https://registry.npmjs.org/entities/-/entities-1.1.1.tgz"
                    }
                  }
                }
              }
            },
            "domelementtype": {
              "version": "1.1.3",
              "from": "domelementtype@>=1.0.0 <2.0.0",
              "resolved": "https://registry.npmjs.org/domelementtype/-/domelementtype-1.1.3.tgz"
            },
            "readable-stream": {
              "version": "1.1.13",
              "from": "readable-stream@>=1.1.0 <1.2.0",
              "resolved": "https://registry.npmjs.org/readable-stream/-/readable-stream-1.1.13.tgz",
              "dependencies": {
                "core-util-is": {
                  "version": "1.0.1",
                  "from": "core-util-is@>=1.0.0 <1.1.0",
                  "resolved": "https://registry.npmjs.org/core-util-is/-/core-util-is-1.0.1.tgz"
                },
                "isarray": {
                  "version": "0.0.1",
                  "from": "isarray@0.0.1",
                  "resolved": "https://registry.npmjs.org/isarray/-/isarray-0.0.1.tgz"
                },
                "string_decoder": {
                  "version": "0.10.31",
                  "from": "string_decoder@>=0.10.0 <0.11.0",
                  "resolved": "https://registry.npmjs.org/string_decoder/-/string_decoder-0.10.31.tgz"
                },
                "inherits": {
                  "version": "2.0.1",
                  "from": "inherits@>=2.0.1 <2.1.0",
                  "resolved": "https://registry.npmjs.org/inherits/-/inherits-2.0.1.tgz"
                }
              }
            },
            "entities": {
              "version": "1.0.0",
              "from": "entities@>=1.0.0 <1.1.0",
              "resolved": "https://registry.npmjs.org/entities/-/entities-1.0.0.tgz"
            }
          }
        },
        "nwmatcher": {
          "version": "1.3.4",
          "from": "nwmatcher@>=1.3.2 <1.4.0",
          "resolved": "https://registry.npmjs.org/nwmatcher/-/nwmatcher-1.3.4.tgz"
        },
        "request": {
          "version": "2.53.0",
          "from": "request@>=2.0.0 <3.0.0",
          "resolved": "https://registry.npmjs.org/request/-/request-2.53.0.tgz",
          "dependencies": {
            "bl": {
              "version": "0.9.4",
              "from": "bl@>=0.9.0 <0.10.0",
              "resolved": "https://registry.npmjs.org/bl/-/bl-0.9.4.tgz",
              "dependencies": {
                "readable-stream": {
                  "version": "1.0.33",
                  "from": "readable-stream@>=1.0.26 <1.1.0",
                  "resolved": "https://registry.npmjs.org/readable-stream/-/readable-stream-1.0.33.tgz",
                  "dependencies": {
                    "core-util-is": {
                      "version": "1.0.1",
                      "from": "core-util-is@>=1.0.0 <1.1.0",
                      "resolved": "https://registry.npmjs.org/core-util-is/-/core-util-is-1.0.1.tgz"
                    },
                    "isarray": {
                      "version": "0.0.1",
                      "from": "isarray@0.0.1",
                      "resolved": "https://registry.npmjs.org/isarray/-/isarray-0.0.1.tgz"
                    },
                    "string_decoder": {
                      "version": "0.10.31",
                      "from": "string_decoder@>=0.10.0 <0.11.0",
                      "resolved": "https://registry.npmjs.org/string_decoder/-/string_decoder-0.10.31.tgz"
                    },
                    "inherits": {
                      "version": "2.0.1",
                      "from": "inherits@>=2.0.1 <2.1.0",
                      "resolved": "https://registry.npmjs.org/inherits/-/inherits-2.0.1.tgz"
                    }
                  }
                }
              }
            },
            "caseless": {
              "version": "0.9.0",
              "from": "caseless@>=0.9.0 <0.10.0",
              "resolved": "https://registry.npmjs.org/caseless/-/caseless-0.9.0.tgz"
            },
            "forever-agent": {
              "version": "0.5.2",
              "from": "forever-agent@>=0.5.0 <0.6.0",
              "resolved": "https://registry.npmjs.org/forever-agent/-/forever-agent-0.5.2.tgz"
            },
            "form-data": {
              "version": "0.2.0",
              "from": "form-data@>=0.2.0 <0.3.0",
              "resolved": "https://registry.npmjs.org/form-data/-/form-data-0.2.0.tgz"
            },
            "json-stringify-safe": {
              "version": "5.0.0",
              "from": "json-stringify-safe@>=5.0.0 <5.1.0",
              "resolved": "https://registry.npmjs.org/json-stringify-safe/-/json-stringify-safe-5.0.0.tgz"
            },
            "mime-types": {
              "version": "2.0.8",
              "from": "mime-types@>=2.0.1 <2.1.0",
              "resolved": "https://registry.npmjs.org/mime-types/-/mime-types-2.0.8.tgz",
              "dependencies": {
                "mime-db": {
                  "version": "1.6.1",
                  "from": "mime-db@>=1.6.0 <1.7.0",
                  "resolved": "https://registry.npmjs.org/mime-db/-/mime-db-1.6.1.tgz"
                }
              }
            },
            "node-uuid": {
              "version": "1.4.2",
              "from": "node-uuid@>=1.4.0 <1.5.0",
              "resolved": "https://registry.npmjs.org/node-uuid/-/node-uuid-1.4.2.tgz"
            },
            "qs": {
              "version": "2.3.3",
              "from": "qs@>=2.3.1 <2.4.0",
              "resolved": "https://registry.npmjs.org/qs/-/qs-2.3.3.tgz"
            },
            "tunnel-agent": {
              "version": "0.4.0",
              "from": "tunnel-agent@>=0.4.0 <0.5.0",
              "resolved": "https://registry.npmjs.org/tunnel-agent/-/tunnel-agent-0.4.0.tgz"
            },
            "tough-cookie": {
              "version": "0.12.1",
              "from": "tough-cookie@>=0.12.0",
              "resolved": "https://registry.npmjs.org/tough-cookie/-/tough-cookie-0.12.1.tgz",
              "dependencies": {
                "punycode": {
                  "version": "1.3.2",
                  "from": "punycode@>=0.2.0",
                  "resolved": "https://registry.npmjs.org/punycode/-/punycode-1.3.2.tgz"
                }
              }
            },
            "http-signature": {
              "version": "0.10.1",
              "from": "http-signature@>=0.10.0 <0.11.0",
              "resolved": "https://registry.npmjs.org/http-signature/-/http-signature-0.10.1.tgz",
              "dependencies": {
                "assert-plus": {
                  "version": "0.1.5",
                  "from": "assert-plus@>=0.1.5 <0.2.0",
                  "resolved": "https://registry.npmjs.org/assert-plus/-/assert-plus-0.1.5.tgz"
                },
                "asn1": {
                  "version": "0.1.11",
                  "from": "asn1@0.1.11",
                  "resolved": "https://registry.npmjs.org/asn1/-/asn1-0.1.11.tgz"
                },
                "ctype": {
                  "version": "0.5.3",
                  "from": "ctype@0.5.3",
                  "resolved": "https://registry.npmjs.org/ctype/-/ctype-0.5.3.tgz"
                }
              }
            },
            "oauth-sign": {
              "version": "0.6.0",
              "from": "oauth-sign@>=0.6.0 <0.7.0",
              "resolved": "https://registry.npmjs.org/oauth-sign/-/oauth-sign-0.6.0.tgz"
            },
            "hawk": {
              "version": "2.3.1",
              "from": "hawk@>=2.3.0 <2.4.0",
              "resolved": "https://registry.npmjs.org/hawk/-/hawk-2.3.1.tgz",
              "dependencies": {
                "hoek": {
                  "version": "2.11.0",
                  "from": "hoek@>=2.0.0 <3.0.0",
                  "resolved": "https://registry.npmjs.org/hoek/-/hoek-2.11.0.tgz"
                },
                "boom": {
                  "version": "2.6.1",
                  "from": "boom@>=2.0.0 <3.0.0",
                  "resolved": "https://registry.npmjs.org/boom/-/boom-2.6.1.tgz"
                },
                "cryptiles": {
                  "version": "2.0.4",
                  "from": "cryptiles@>=2.0.0 <3.0.0",
                  "resolved": "https://registry.npmjs.org/cryptiles/-/cryptiles-2.0.4.tgz"
                },
                "sntp": {
                  "version": "1.0.9",
                  "from": "sntp@>=1.0.0 <2.0.0",
                  "resolved": "https://registry.npmjs.org/sntp/-/sntp-1.0.9.tgz"
                }
              }
            },
            "aws-sign2": {
              "version": "0.5.0",
              "from": "aws-sign2@>=0.5.0 <0.6.0",
              "resolved": "https://registry.npmjs.org/aws-sign2/-/aws-sign2-0.5.0.tgz"
            },
            "stringstream": {
              "version": "0.0.4",
              "from": "stringstream@>=0.0.4 <0.1.0",
              "resolved": "https://registry.npmjs.org/stringstream/-/stringstream-0.0.4.tgz"
            },
            "combined-stream": {
              "version": "0.0.7",
              "from": "combined-stream@>=0.0.5 <0.1.0",
              "resolved": "https://registry.npmjs.org/combined-stream/-/combined-stream-0.0.7.tgz",
              "dependencies": {
                "delayed-stream": {
                  "version": "0.0.5",
                  "from": "delayed-stream@0.0.5",
                  "resolved": "https://registry.npmjs.org/delayed-stream/-/delayed-stream-0.0.5.tgz"
                }
              }
            },
            "isstream": {
              "version": "0.1.1",
              "from": "isstream@>=0.1.1 <0.2.0",
              "resolved": "https://registry.npmjs.org/isstream/-/isstream-0.1.1.tgz"
            }
          }
        },
        "xmlhttprequest": {
          "version": "1.7.0",
          "from": "xmlhttprequest@>=1.5.0",
          "resolved": "https://registry.npmjs.org/xmlhttprequest/-/xmlhttprequest-1.7.0.tgz"
        },
        "cssom": {
          "version": "0.3.0",
          "from": "cssom@>=0.3.0 <0.4.0",
          "resolved": "https://registry.npmjs.org/cssom/-/cssom-0.3.0.tgz"
        },
        "cssstyle": {
          "version": "0.2.22",
          "from": "cssstyle@>=0.2.9 <0.3.0",
          "resolved": "https://registry.npmjs.org/cssstyle/-/cssstyle-0.2.22.tgz"
        },
        "contextify": {
          "version": "0.1.12",
          "from": "contextify@>=0.1.5 <0.2.0",
          "resolved": "https://registry.npmjs.org/contextify/-/contextify-0.1.12.tgz",
          "dependencies": {
            "bindings": {
              "version": "1.2.1",
              "from": "bindings@*",
              "resolved": "https://registry.npmjs.org/bindings/-/bindings-1.2.1.tgz"
            },
            "nan": {
              "version": "1.3.0",
              "from": "nan@>=1.3.0 <1.4.0",
              "resolved": "https://registry.npmjs.org/nan/-/nan-1.3.0.tgz"
            }
          }
        }
      }
    },
    "less": {
      "version": "1.7.5",
      "from": "less@",
      "resolved": "https://registry.npmjs.org/less/-/less-1.7.5.tgz",
      "dependencies": {
        "graceful-fs": {
          "version": "3.0.4",
          "from": "graceful-fs@~3.0.2",
          "resolved": "https://registry.npmjs.org/graceful-fs/-/graceful-fs-3.0.4.tgz"
        },
        "mime": {
          "version": "1.2.11",
          "from": "mime@~1.2.11",
          "resolved": "https://registry.npmjs.org/mime/-/mime-1.2.11.tgz"
        },
        "request": {
          "version": "2.40.0",
          "from": "request@~2.40.0",
          "resolved": "https://registry.npmjs.org/request/-/request-2.40.0.tgz",
          "dependencies": {
            "qs": {
              "version": "1.0.2",
              "from": "qs@~1.0.0",
              "resolved": "https://registry.npmjs.org/qs/-/qs-1.0.2.tgz"
            },
            "json-stringify-safe": {
              "version": "5.0.0",
              "from": "json-stringify-safe@~5.0.0"
            },
            "mime-types": {
              "version": "1.0.2",
              "from": "mime-types@~1.0.1",
              "resolved": "https://registry.npmjs.org/mime-types/-/mime-types-1.0.2.tgz"
            },
            "forever-agent": {
              "version": "0.5.2",
              "from": "forever-agent@~0.5.0"
            },
            "node-uuid": {
              "version": "1.4.1",
              "from": "node-uuid@~1.4.0"
            },
            "tough-cookie": {
              "version": "0.12.1",
              "from": "tough-cookie@>=0.12.0",
              "dependencies": {
                "punycode": {
                  "version": "1.3.1",
                  "from": "punycode@>=0.2.0",
                  "resolved": "https://registry.npmjs.org/punycode/-/punycode-1.3.1.tgz"
                }
              }
            },
            "form-data": {
              "version": "0.1.4",
              "from": "form-data@~0.1.0",
              "resolved": "https://registry.npmjs.org/form-data/-/form-data-0.1.4.tgz",
              "dependencies": {
                "combined-stream": {
                  "version": "0.0.5",
                  "from": "combined-stream@~0.0.4",
                  "resolved": "https://registry.npmjs.org/combined-stream/-/combined-stream-0.0.5.tgz",
                  "dependencies": {
                    "delayed-stream": {
                      "version": "0.0.5",
                      "from": "delayed-stream@0.0.5",
                      "resolved": "https://registry.npmjs.org/delayed-stream/-/delayed-stream-0.0.5.tgz"
                    }
                  }
                }
              }
            },
            "tunnel-agent": {
              "version": "0.4.0",
              "from": "tunnel-agent@~0.4.0",
              "resolved": "https://registry.npmjs.org/tunnel-agent/-/tunnel-agent-0.4.0.tgz"
            },
            "http-signature": {
              "version": "0.10.0",
              "from": "http-signature@~0.10.0",
              "dependencies": {
                "assert-plus": {
                  "version": "0.1.2",
                  "from": "assert-plus@0.1.2",
                  "resolved": "https://registry.npmjs.org/assert-plus/-/assert-plus-0.1.2.tgz"
                },
                "asn1": {
                  "version": "0.1.11",
                  "from": "asn1@0.1.11",
                  "resolved": "https://registry.npmjs.org/asn1/-/asn1-0.1.11.tgz"
                },
                "ctype": {
                  "version": "0.5.2",
                  "from": "ctype@0.5.2",
                  "resolved": "https://registry.npmjs.org/ctype/-/ctype-0.5.2.tgz"
                }
              }
            },
            "oauth-sign": {
              "version": "0.3.0",
              "from": "oauth-sign@~0.3.0"
            },
            "hawk": {
              "version": "1.1.1",
              "from": "hawk@1.1.1",
              "resolved": "https://registry.npmjs.org/hawk/-/hawk-1.1.1.tgz",
              "dependencies": {
                "hoek": {
                  "version": "0.9.1",
                  "from": "hoek@0.9.x"
                },
                "boom": {
                  "version": "0.4.2",
                  "from": "boom@0.4.x"
                },
                "cryptiles": {
                  "version": "0.2.2",
                  "from": "cryptiles@0.2.x"
                },
                "sntp": {
                  "version": "0.2.4",
                  "from": "sntp@0.2.x"
                }
              }
            },
            "aws-sign2": {
              "version": "0.5.0",
              "from": "aws-sign2@~0.5.0"
            },
            "stringstream": {
              "version": "0.0.4",
              "from": "stringstream@~0.0.4",
              "resolved": "https://registry.npmjs.org/stringstream/-/stringstream-0.0.4.tgz"
            }
          }
        },
        "mkdirp": {
          "version": "0.5.0",
          "from": "mkdirp@~0.5.0",
          "resolved": "https://registry.npmjs.org/mkdirp/-/mkdirp-0.5.0.tgz",
          "dependencies": {
            "minimist": {
              "version": "0.0.8",
              "from": "minimist@0.0.8",
              "resolved": "https://registry.npmjs.org/minimist/-/minimist-0.0.8.tgz"
            }
          }
        },
        "clean-css": {
          "version": "2.2.16",
          "from": "clean-css@2.2.x",
          "resolved": "https://registry.npmjs.org/clean-css/-/clean-css-2.2.16.tgz",
          "dependencies": {
            "commander": {
              "version": "2.2.0",
              "from": "commander@2.2.x"
            }
          }
        },
        "source-map": {
          "version": "0.1.40",
          "from": "source-map@0.1.x",
          "resolved": "https://registry.npmjs.org/source-map/-/source-map-0.1.40.tgz",
          "dependencies": {
            "amdefine": {
              "version": "0.1.0",
              "from": "amdefine@>=0.0.4"
            }
          }
        }
      }
    },
    "localforage": {
      "version": "1.1.1",
      "from": "git+https://github.com/mozilla/localForage.git",
      "resolved": "git+https://github.com/mozilla/localForage.git#cf81f58107c6c5a55c3539186ba1c1669f395fb6",
      "dependencies": {
        "promise": {
          "version": "5.0.0",
          "from": "promise@^5.0.0",
          "resolved": "https://registry.npmjs.org/promise/-/promise-5.0.0.tgz",
          "dependencies": {
            "asap": {
              "version": "1.0.0",
              "from": "asap@~1.0.0",
              "resolved": "https://registry.npmjs.org/asap/-/asap-1.0.0.tgz"
            }
          }
        }
      }
    },
    "lodash-amd": {
      "version": "2.4.1",
      "from": "lodash-amd@>=2.4.1 <3"
    },
    "mocha": {
      "version": "2.0.1",
      "from": "mocha@",
      "resolved": "https://registry.npmjs.org/mocha/-/mocha-2.0.1.tgz",
      "dependencies": {
        "commander": {
          "version": "2.3.0",
          "from": "commander@2.3.0",
          "resolved": "https://registry.npmjs.org/commander/-/commander-2.3.0.tgz"
        },
        "debug": {
          "version": "2.0.0",
          "from": "debug@2.0.0",
          "resolved": "https://registry.npmjs.org/debug/-/debug-2.0.0.tgz",
          "dependencies": {
            "ms": {
              "version": "0.6.2",
              "from": "ms@0.6.2",
              "resolved": "https://registry.npmjs.org/ms/-/ms-0.6.2.tgz"
            }
          }
        },
        "diff": {
          "version": "1.0.8",
          "from": "diff@1.0.8",
          "resolved": "https://registry.npmjs.org/diff/-/diff-1.0.8.tgz"
        },
        "escape-string-regexp": {
          "version": "1.0.2",
          "from": "escape-string-regexp@1.0.2",
          "resolved": "https://registry.npmjs.org/escape-string-regexp/-/escape-string-regexp-1.0.2.tgz"
        },
        "glob": {
          "version": "3.2.3",
          "from": "glob@3.2.3",
          "resolved": "https://registry.npmjs.org/glob/-/glob-3.2.3.tgz",
          "dependencies": {
            "minimatch": {
              "version": "0.2.14",
              "from": "minimatch@~0.2.11",
              "dependencies": {
                "lru-cache": {
                  "version": "2.5.0",
                  "from": "lru-cache@2"
                },
                "sigmund": {
                  "version": "1.0.0",
                  "from": "sigmund@~1.0.0"
                }
              }
            },
            "graceful-fs": {
              "version": "2.0.3",
              "from": "graceful-fs@~2.0.0"
            },
            "inherits": {
              "version": "2.0.1",
              "from": "inherits@2",
              "resolved": "https://registry.npmjs.org/inherits/-/inherits-2.0.1.tgz"
            }
          }
        },
        "growl": {
          "version": "1.8.1",
          "from": "growl@1.8.1",
          "resolved": "https://registry.npmjs.org/growl/-/growl-1.8.1.tgz"
        },
        "jade": {
          "version": "0.26.3",
          "from": "jade@0.26.3",
          "resolved": "https://registry.npmjs.org/jade/-/jade-0.26.3.tgz",
          "dependencies": {
            "commander": {
              "version": "0.6.1",
              "from": "commander@0.6.1"
            },
            "mkdirp": {
              "version": "0.3.0",
              "from": "mkdirp@0.3.0"
            }
          }
        },
        "mkdirp": {
          "version": "0.5.0",
          "from": "mkdirp@0.5.0",
          "resolved": "https://registry.npmjs.org/mkdirp/-/mkdirp-0.5.0.tgz",
          "dependencies": {
            "minimist": {
              "version": "0.0.8",
              "from": "minimist@0.0.8",
              "resolved": "https://registry.npmjs.org/minimist/-/minimist-0.0.8.tgz"
            }
          }
        }
      }
    },
    "morgan": {
      "version": "1.5.0",
      "from": "morgan@",
      "resolved": "https://registry.npmjs.org/morgan/-/morgan-1.5.0.tgz",
      "dependencies": {
        "basic-auth": {
          "version": "1.0.0",
          "from": "basic-auth@1.0.0",
          "resolved": "https://registry.npmjs.org/basic-auth/-/basic-auth-1.0.0.tgz"
        },
        "debug": {
          "version": "2.1.0",
          "from": "debug@~2.1.0",
          "resolved": "https://registry.npmjs.org/debug/-/debug-2.1.0.tgz",
          "dependencies": {
            "ms": {
              "version": "0.6.2",
              "from": "ms@0.6.2",
              "resolved": "https://registry.npmjs.org/ms/-/ms-0.6.2.tgz"
            }
          }
        },
        "depd": {
          "version": "1.0.0",
          "from": "depd@~1.0.0",
          "resolved": "https://registry.npmjs.org/depd/-/depd-1.0.0.tgz"
        },
        "on-finished": {
          "version": "2.1.1",
          "from": "on-finished@2.1.1",
          "resolved": "https://registry.npmjs.org/on-finished/-/on-finished-2.1.1.tgz",
          "dependencies": {
            "ee-first": {
              "version": "1.1.0",
              "from": "ee-first@1.1.0",
              "resolved": "https://registry.npmjs.org/ee-first/-/ee-first-1.1.0.tgz"
            }
          }
        }
      }
    },
    "pubsub-js": {
      "version": "1.5.0",
      "from": "pubsub-js@",
      "resolved": "https://registry.npmjs.org/pubsub-js/-/pubsub-js-1.5.0.tgz"
    },
    "requirejs": {
      "version": "2.1.15",
      "from": "requirejs@",
      "resolved": "https://registry.npmjs.org/requirejs/-/requirejs-2.1.15.tgz"
    },
    "salve": {
      "version": "0.23.0",
      "from": "salve@0.23.0",
      "resolved": "https://registry.npmjs.org/salve/-/salve-0.23.0.tgz",
      "dependencies": {
        "temp": {
          "version": "0.8.1",
          "from": "temp@>=0.8.0 <0.9.0",
          "resolved": "https://registry.npmjs.org/temp/-/temp-0.8.1.tgz",
          "dependencies": {
            "rimraf": {
              "version": "2.2.8",
              "from": "rimraf@>=2.2.6 <2.3.0",
              "resolved": "https://registry.npmjs.org/rimraf/-/rimraf-2.2.8.tgz"
            }
          }
        },
        "sax": {
          "version": "0.6.1",
          "from": "sax@>=0.6.0 <0.7.0",
          "resolved": "https://registry.npmjs.org/sax/-/sax-0.6.1.tgz"
        },
        "lodash": {
          "version": "2.4.1",
          "from": "lodash@>=2.4.1 <3.0.0",
          "resolved": "https://registry.npmjs.org/lodash/-/lodash-2.4.1.tgz"
        },
        "xregexp": {
          "version": "2.0.0",
          "from": "xregexp@2.0.0",
          "resolved": "https://registry.npmjs.org/xregexp/-/xregexp-2.0.0.tgz"
        }
      }
    },
    "semver": {
      "version": "4.1.0",
      "from": "semver@",
      "resolved": "https://registry.npmjs.org/semver/-/semver-4.1.0.tgz"
    },
    "semver-sync": {
      "version": "1.2.0",
      "from": "semver-sync@",
      "dependencies": {
        "optimist": {
          "version": "0.3.5",
          "from": "optimist@0.3.5",
          "dependencies": {
            "wordwrap": {
              "version": "0.0.2",
              "from": "wordwrap@~0.0.2"
            }
          }
        },
        "semver": {
          "version": "1.1.2",
          "from": "semver@1.1.2"
        },
        "uglify-js": {
          "version": "2.2.3",
          "from": "uglify-js@2.2.3",
          "resolved": "https://registry.npmjs.org/uglify-js/-/uglify-js-2.2.3.tgz",
          "dependencies": {
            "source-map": {
              "version": "0.1.33",
              "from": "source-map@~0.1.7",
              "dependencies": {
                "amdefine": {
                  "version": "0.1.0",
                  "from": "amdefine@>=0.0.4"
                }
              }
            }
          }
        },
        "colors": {
          "version": "0.6.0-1",
          "from": "colors@0.6.0-1",
          "resolved": "https://registry.npmjs.org/colors/-/colors-0.6.0-1.tgz"
        }
      }
    },
    "serve-static": {
      "version": "1.7.1",
      "from": "serve-static@",
      "resolved": "https://registry.npmjs.org/serve-static/-/serve-static-1.7.1.tgz",
      "dependencies": {
        "escape-html": {
          "version": "1.0.1",
          "from": "escape-html@1.0.1",
          "resolved": "https://registry.npmjs.org/escape-html/-/escape-html-1.0.1.tgz"
        },
        "parseurl": {
          "version": "1.3.0",
          "from": "parseurl@~1.3.0",
          "resolved": "https://registry.npmjs.org/parseurl/-/parseurl-1.3.0.tgz"
        },
        "send": {
          "version": "0.10.1",
          "from": "send@0.10.1",
          "resolved": "https://registry.npmjs.org/send/-/send-0.10.1.tgz",
          "dependencies": {
            "debug": {
              "version": "2.1.0",
              "from": "debug@~2.1.0",
              "resolved": "https://registry.npmjs.org/debug/-/debug-2.1.0.tgz"
            },
            "depd": {
              "version": "1.0.0",
              "from": "depd@~1.0.0",
              "resolved": "https://registry.npmjs.org/depd/-/depd-1.0.0.tgz"
            },
            "destroy": {
              "version": "1.0.3",
              "from": "destroy@1.0.3",
              "resolved": "https://registry.npmjs.org/destroy/-/destroy-1.0.3.tgz"
            },
            "etag": {
              "version": "1.5.0",
              "from": "etag@~1.5.0",
              "resolved": "https://registry.npmjs.org/etag/-/etag-1.5.0.tgz",
              "dependencies": {
                "crc": {
                  "version": "3.0.0",
                  "from": "crc@3.0.0",
                  "resolved": "https://registry.npmjs.org/crc/-/crc-3.0.0.tgz"
                }
              }
            },
            "fresh": {
              "version": "0.2.4",
              "from": "fresh@0.2.4",
              "resolved": "https://registry.npmjs.org/fresh/-/fresh-0.2.4.tgz"
            },
            "mime": {
              "version": "1.2.11",
              "from": "mime@1.2.11",
              "resolved": "https://registry.npmjs.org/mime/-/mime-1.2.11.tgz"
            },
            "ms": {
              "version": "0.6.2",
              "from": "ms@0.6.2",
              "resolved": "https://registry.npmjs.org/ms/-/ms-0.6.2.tgz"
            },
            "on-finished": {
              "version": "2.1.1",
              "from": "on-finished@~2.1.1",
              "resolved": "https://registry.npmjs.org/on-finished/-/on-finished-2.1.1.tgz",
              "dependencies": {
                "ee-first": {
                  "version": "1.1.0",
                  "from": "ee-first@1.1.0",
                  "resolved": "https://registry.npmjs.org/ee-first/-/ee-first-1.1.0.tgz"
                }
              }
            },
            "range-parser": {
              "version": "1.0.2",
              "from": "range-parser@~1.0.2",
              "resolved": "https://registry.npmjs.org/range-parser/-/range-parser-1.0.2.tgz"
            }
          }
        },
        "utils-merge": {
          "version": "1.0.0",
          "from": "utils-merge@1.0.0",
          "resolved": "https://registry.npmjs.org/utils-merge/-/utils-merge-1.0.0.tgz"
        }
      }
    },
    "sinon": {
      "version": "1.11.1",
      "from": "sinon@",
      "resolved": "https://registry.npmjs.org/sinon/-/sinon-1.11.1.tgz",
      "dependencies": {
        "formatio": {
          "version": "1.1.1",
          "from": "formatio@~1.1.1",
          "resolved": "https://registry.npmjs.org/formatio/-/formatio-1.1.1.tgz",
          "dependencies": {
            "samsam": {
              "version": "1.1.1",
              "from": "samsam@~1.1"
            }
          }
        },
        "util": {
          "version": "0.10.3",
          "from": "util@>=0.10.3 <1",
          "resolved": "https://registry.npmjs.org/util/-/util-0.10.3.tgz",
          "dependencies": {
            "inherits": {
              "version": "2.0.1",
              "from": "inherits@2.0.1",
              "resolved": "https://registry.npmjs.org/inherits/-/inherits-2.0.1.tgz"
            }
          }
        }
      }
    }
  }
}
